<?xml version="1.0" encoding="utf-8"?>
<Project ToolsVersion="4.0" xmlns="http://schemas.microsoft.com/developer/msbuild/2003">
  <ItemGroup>
    <Filter Include="Arquivos de Origem">
      <UniqueIdentifier>{4FC737F1-C7A5-4376-A066-2A32D752A2FF}</UniqueIdentifier>
      <Extensions>cpp;c;cc;cxx;c++;cppm;ixx;def;odl;idl;hpj;bat;asm;asmx</Extensions>
    </Filter>
    <Filter Include="Arquivos de Cabeçalho">
      <UniqueIdentifier>{93995380-89BD-4b04-88EB-625FBE52EBFB}</UniqueIdentifier>
      <Extensions>h;hh;hpp;hxx;h++;hm;inl;inc;ipp;xsd</Extensions>
    </Filter>
    <Filter Include="Arquivos de Cabeçalho\imgui">
      <UniqueIdentifier>{e5499c72-ebbc-456e-8fc7-af08df4bfa70}</UniqueIdentifier>
    </Filter>
    <Filter Include="Arquivos de Cabeçalho\MenMan">
      <UniqueIdentifier>{49dd07be-b034-49a8-80de-2391950699ab}</UniqueIdentifier>
    </Filter>
    <Filter Include="Arquivos de Cabeçalho\corconsole">
      <UniqueIdentifier>{17dbdd85-14dd-42d4-8e31-2b00f97f68a5}</UniqueIdentifier>
    </Filter>
  </ItemGroup>
  <ItemGroup>
    <ClCompile Include="include\imgui\imgui.cpp">
      <Filter>Arquivos de Cabeçalho\imgui</Filter>
    </ClCompile>
    <ClCompile Include="include\imgui\imgui_demo.cpp">
      <Filter>Arquivos de Cabeçalho\imgui</Filter>
    </ClCompile>
    <ClCompile Include="include\imgui\imgui_draw.cpp">
      <Filter>Arquivos de Cabeçalho\imgui</Filter>
    </ClCompile>
    <ClCompile Include="include\imgui\imgui_impl_glfw.cpp">
      <Filter>Arquivos de Cabeçalho\imgui</Filter>
    </ClCompile>
    <ClCompile Include="include\imgui\imgui_impl_opengl3.cpp">
      <Filter>Arquivos de Cabeçalho\imgui</Filter>
    </ClCompile>
    <ClCompile Include="include\imgui\imgui_tables.cpp">
      <Filter>Arquivos de Cabeçalho\imgui</Filter>
    </ClCompile>
    <ClCompile Include="include\imgui\imgui_widgets.cpp">
      <Filter>Arquivos de Cabeçalho\imgui</Filter>
    </ClCompile>
    <ClCompile Include="imgui_builder.h">
      <Filter>Arquivos de Cabeçalho</Filter>
    </ClCompile>
    <ClCompile Include="include\MemMan\MemMan.cpp">
      <Filter>Arquivos de Cabeçalho\MenMan</Filter>
    </ClCompile>
    <ClCompile Include="main.cpp">
      <Filter>Arquivos de Origem</Filter>
    </ClCompile>
    <ClCompile Include="console.cpp">
      <Filter>Arquivos de Cabeçalho\corconsole</Filter>
    </ClCompile>
  </ItemGroup>
  <ItemGroup>
    <ClInclude Include="include\MemMan\MemMan.h">
      <Filter>Arquivos de Cabeçalho\MenMan</Filter>
    </ClInclude>
    <ClInclude Include="Helpers.h">
      <Filter>Arquivos de Cabeçalho</Filter>
    </ClInclude>
    <ClInclude Include="stb_image.h">
      <Filter>Arquivos de Cabeçalho</Filter>
    </ClInclude>
    <ClInclude Include="stb_project.h">
      <Filter>Arquivos de Cabeçalho</Filter>
    </ClInclude>
    <ClInclude Include="HTTPRequest.hpp">
      <Filter>Arquivos de Cabeçalho</Filter>
    </ClInclude>
    <ClInclude Include="VMProtectSDK.h">
      <Filter>Arquivos de Cabeçalho</Filter>
    </ClInclude>
    <ClInclude Include="console.h">
      <Filter>Arquivos de Cabeçalho\corconsole</Filter>
    </ClInclude>
  </ItemGroup>
</Project>